
Microsoft Visual Studio Solution File, Format Version 12.00
# Visual Studio Version 16
VisualStudioVersion = 16.0.31515.178
MinimumVisualStudioVersion = 10.0.40219.1
Project("{FAE04EC0-301F-11D3-BF4B-00C04F79EFBC}") = "WordEditor", "WordEditor\WordEditor.csproj", "{5F901444-0C45-439E-B99A-F4F11EB97129}"
EndProject
Global
	GlobalSection(SolutionConfigurationPlatforms) = preSolution
		Debug|Any CPU = Debug|Any CPU
		Release|Any CPU = Release|Any CPU
	EndGlobalSection
	GlobalSection(ProjectConfigurationPlatforms) = postSolution
		{5F901444-0C45-439E-B99A-F4F11EB97129}.Debug|Any CPU.ActiveCfg = Debug|Any CPU
		{5F901444-0C45-439E-B99A-F4F11EB97129}.Debug|Any CPU.Build.0 = Debug|Any CPU
		{5F901444-0C45-439E-B99A-F4F11EB97129}.Release|Any CPU.ActiveCfg = Release|Any CPU
		{5F901444-0C45-439E-B99A-F4F11EB97129}.Release|Any CPU.Build.0 = Release|Any CPU
	EndGlobalSection
	GlobalSection(SolutionProperties) = preSolution
		HideSolutionNode = FALSE
	EndGlobalSection
	GlobalSection(ExtensibilityGlobals) = postSolution
		SolutionGuid = {E6B7A863-369A-4B82-A1E1-079610589C61}
	EndGlobalSection
EndGlobal
